
Microsoft Visual Studio Solution File, Format Version 12.00
# Visual Studio 2013
VisualStudioVersion = 12.0.31101.0
MinimumVisualStudioVersion = 10.0.40219.1
Project("{2150E333-8FDC-42A3-9474-1A3956D46DE8}") = "Data Plugins", "Data Plugins", "{E7733C64-6AD8-4953-A975-0D81C37DDE44}"
EndProject
Project("{2150E333-8FDC-42A3-9474-1A3956D46DE8}") = "Layout Plugins", "Layout Plugins", "{58E70A36-BF3B-4962-93CA-F6DA0BD8AC97}"
EndProject
Project("{2150E333-8FDC-42A3-9474-1A3956D46DE8}") = "Extension Plugins", "Extension Plugins", "{DCFA02EB-780D-4456-910D-96ED8CC64C7C}"
EndProject
Project("{2150E333-8FDC-42A3-9474-1A3956D46DE8}") = "InDevelopment", "InDevelopment", "{94BDFCC8-EDE3-4D46-A93A-A3E2D63EEA9B}"
EndProject
Project("{FAE04EC0-301F-11D3-BF4B-00C04F79EFBC}") = "BMv7.CustomInfobox", "BMv7.CustomInfobox\BMv7.CustomInfobox.csproj", "{1E2291FB-672E-4E03-895B-251B77FF9B1E}"
EndProject
Project("{FAE04EC0-301F-11D3-BF4B-00C04F79EFBC}") = "BMv7.ClientSideClustering", "BMv7.ClientSideClustering\BMv7.ClientSideClustering.csproj", "{1ED0251D-11BA-4C9A-853E-5116D9690AA1}"
EndProject
Project("{FAE04EC0-301F-11D3-BF4B-00C04F79EFBC}") = "BMv7.SimpleGeoRSS", "BMv7.SimpleGeoRSS\BMv7.SimpleGeoRSS.csproj", "{3F826552-BAF6-4CB5-A03B-3585861AE418}"
EndProject
Project("{FAE04EC0-301F-11D3-BF4B-00C04F79EFBC}") = "BMv7.RoutingServiceHelper", "BMv7.RoutingServiceHelper\BMv7.RoutingServiceHelper.csproj", "{369785FD-BCD2-4264-B4CE-CC80CFD63A5B}"
EndProject
Project("{FAE04EC0-301F-11D3-BF4B-00C04F79EFBC}") = "BMv7.HeatMap", "BMv7.HeatMap\BMv7.HeatMap.csproj", "{19EBB905-5BDA-4B77-8DC8-929B3C5805EE}"
EndProject
Project("{FAE04EC0-301F-11D3-BF4B-00C04F79EFBC}") = "BMv7.PointBasedClustering", "BMv7.PointBasedClustering\BMv7.PointBasedClustering.csproj", "{24B095C6-9FA6-492B-8012-EABEC55AA1A2}"
EndProject
Project("{FAE04EC0-301F-11D3-BF4B-00C04F79EFBC}") = "BMv7.GPXParser", "BMv7.GPX\BMv7.GPXParser.csproj", "{2AE34C8B-749C-4717-8E14-2BCFCA4E4871}"
EndProject
Project("{FAE04EC0-301F-11D3-BF4B-00C04F79EFBC}") = "BMv7.DragHandles", "BMv7.DragHandles\BMv7.DragHandles.csproj", "{E3739ECB-D1FA-40D6-8E4C-E3810DA40132}"
EndProject
Project("{FAE04EC0-301F-11D3-BF4B-00C04F79EFBC}") = "BMv7.ShapeToolboxModule", "BMv7.ShapeToolboxModule\BMv7.ShapeToolboxModule.csproj", "{F507BB08-2094-4B51-9FB2-0942F931AFEE}"
EndProject
Project("{FAE04EC0-301F-11D3-BF4B-00C04F79EFBC}") = "BMv7.Persistance", "BMv7.Persistance\BMv7.Persistance.csproj", "{669C9FD2-B25F-485E-979A-30AF982C0C6F}"
EndProject
Project("{FAE04EC0-301F-11D3-BF4B-00C04F79EFBC}") = "BMv7.MiniMapModule", "BMv7.MiniMapModule\BMv7.MiniMapModule.csproj", "{F0448A90-75AD-4AB7-B889-A45FEAC01BEF}"
EndProject
Project("{FAE04EC0-301F-11D3-BF4B-00C04F79EFBC}") = "BMv7.RestrictedView", "BMv7.RestrictedView\BMv7.RestrictedView.csproj", "{D00BC0D3-DF1F-4015-BC5E-612BD90BD685}"
EndProject
Project("{FAE04EC0-301F-11D3-BF4B-00C04F79EFBC}") = "BMv7.WellKnowText", "BMv7.WellKnowText\BMv7.WellKnowText.csproj", "{A42C6752-3EFC-4769-B6FD-191F5A2A047C}"
EndProject
Project("{FAE04EC0-301F-11D3-BF4B-00C04F79EFBC}") = "BMv7.GeoJSON", "BMv7.GeoJSON\BMv7.GeoJSON.csproj", "{86A00565-F0B2-4447-B9A4-F187F634D041}"
EndProject
Project("{FAE04EC0-301F-11D3-BF4B-00C04F79EFBC}") = "BMv7.CustomTileLayer", "BMv7.CustomTileLayer\BMv7.CustomTileLayer.csproj", "{D16ECAA3-E83C-4DE0-99E9-E9B359439C92}"
EndProject
Project("{FAE04EC0-301F-11D3-BF4B-00C04F79EFBC}") = "BMv7.ElevationPlot", "Bmv7.ElevationPlot\BMv7.ElevationPlot.csproj", "{08BCB391-6B8C-4876-97AB-D93AC2991F54}"
EndProject
Project("{FAE04EC0-301F-11D3-BF4B-00C04F79EFBC}") = "BMv7.GeoRSS", "BMv7.GeoRSS\BMv7.GeoRSS.csproj", "{7118E01B-1162-4114-8695-68741EC67634}"
EndProject
Project("{FAE04EC0-301F-11D3-BF4B-00C04F79EFBC}") = "BMv7.CanvasPushpins", "BMv7.CanvasPushpins\BMv7.CanvasPushpins.csproj", "{C8A4DBC6-9E74-4C8A-9D1A-D2A62EDDA9AB}"
EndProject
Project("{FAE04EC0-301F-11D3-BF4B-00C04F79EFBC}") = "BMv7.ImageOverlays", "BMv7.ImageOverlays\BMv7.ImageOverlays.csproj", "{2FCEDE99-74B5-408F-836C-DE97BEC11226}"
EndProject
Project("{FAE04EC0-301F-11D3-BF4B-00C04F79EFBC}") = "BMv7.CircleModule", "BMv7.CircleModule\BMv7.CircleModule.csproj", "{FC1433DC-70B6-4667-B5A9-E8DE31D2F19F}"
EndProject
Project("{FAE04EC0-301F-11D3-BF4B-00C04F79EFBC}") = "BMv7.CanvasTileLayer", "BMv7.CanvasTileLayer\BMv7.CanvasTileLayer.csproj", "{FE044912-F0FD-4F71-B742-050E05C2462F}"
EndProject
Project("{FAE04EC0-301F-11D3-BF4B-00C04F79EFBC}") = "UTFGrid", "UTFGrid\UTFGrid.csproj", "{6AF86CE5-23C3-4A95-9C1C-1CF828461898}"
EndProject
Project("{FAE04EC0-301F-11D3-BF4B-00C04F79EFBC}") = "BMv7.AnimationModule", "BMv7.AnimationModule\BMv7.AnimationModule.csproj", "{FE17FFC6-11E0-440B-9570-CFA691012ABF}"
EndProject
Project("{FAE04EC0-301F-11D3-BF4B-00C04F79EFBC}") = "d3MapsModule", "d3MapsModule\d3MapsModule.csproj", "{30E1C7CE-5B23-404B-881D-5108623D694B}"
EndProject
Project("{FAE04EC0-301F-11D3-BF4B-00C04F79EFBC}") = "DrawingTools", "DrawingTools\DrawingTools.csproj", "{AB41750D-2097-4523-B36C-86D4673C5D4D}"
EndProject
Global
	GlobalSection(TeamFoundationVersionControl) = preSolution
		SccNumberOfProjects = 26
		SccEnterpriseProvider = {4CA58AB2-18FA-4F8D-95D4-32DDF27D184C}
		SccTeamFoundationServer = https://tfs.codeplex.com/tfs/tfs34
		SccLocalPath0 = .
		SccProjectUniqueName1 = BMv7.CustomInfobox\\BMv7.CustomInfobox.csproj
		SccProjectTopLevelParentUniqueName1 = BMv7Plugins.sln
		SccProjectName1 = BMv7.CustomInfobox
		SccLocalPath1 = BMv7.CustomInfobox
		SccProjectUniqueName2 = BMv7.ClientSideClustering\\BMv7.ClientSideClustering.csproj
		SccProjectTopLevelParentUniqueName2 = BMv7Plugins.sln
		SccProjectName2 = BMv7.ClientSideClustering
		SccLocalPath2 = BMv7.ClientSideClustering
		SccProjectUniqueName3 = BMv7.SimpleGeoRSS\\BMv7.SimpleGeoRSS.csproj
		SccProjectTopLevelParentUniqueName3 = BMv7Plugins.sln
		SccProjectName3 = BMv7.SimpleGeoRSS
		SccLocalPath3 = BMv7.SimpleGeoRSS
		SccProjectUniqueName4 = BMv7.RoutingServiceHelper\\BMv7.RoutingServiceHelper.csproj
		SccProjectTopLevelParentUniqueName4 = BMv7Plugins.sln
		SccProjectName4 = BMv7.RoutingServiceHelper
		SccLocalPath4 = BMv7.RoutingServiceHelper
		SccProjectUniqueName5 = BMv7.HeatMap\\BMv7.HeatMap.csproj
		SccProjectTopLevelParentUniqueName5 = BMv7Plugins.sln
		SccProjectName5 = BMv7.HeatMap
		SccLocalPath5 = BMv7.HeatMap
		SccProjectUniqueName6 = BMv7.PointBasedClustering\\BMv7.PointBasedClustering.csproj
		SccProjectTopLevelParentUniqueName6 = BMv7Plugins.sln
		SccProjectName6 = BMv7.PointBasedClustering
		SccLocalPath6 = BMv7.PointBasedClustering
		SccProjectUniqueName7 = BMv7.GPX\\BMv7.GPXParser.csproj
		SccProjectTopLevelParentUniqueName7 = BMv7Plugins.sln
		SccProjectName7 = BMv7.GPX
		SccLocalPath7 = BMv7.GPX
		SccProjectUniqueName8 = BMv7.DragHandles\\BMv7.DragHandles.csproj
		SccProjectTopLevelParentUniqueName8 = BMv7Plugins.sln
		SccProjectName8 = BMv7.DragHandles
		SccLocalPath8 = BMv7.DragHandles
		SccProjectUniqueName9 = BMv7.ShapeToolboxModule\\BMv7.ShapeToolboxModule.csproj
		SccProjectTopLevelParentUniqueName9 = BMv7Plugins.sln
		SccProjectName9 = BMv7.ShapeToolboxModule
		SccLocalPath9 = BMv7.ShapeToolboxModule
		SccProjectUniqueName10 = BMv7.Persistance\\BMv7.Persistance.csproj
		SccProjectTopLevelParentUniqueName10 = BMv7Plugins.sln
		SccProjectName10 = BMv7.Persistance
		SccLocalPath10 = BMv7.Persistance
		SccProjectUniqueName11 = BMv7.MiniMapModule\\BMv7.MiniMapModule.csproj
		SccProjectTopLevelParentUniqueName11 = BMv7Plugins.sln
		SccProjectName11 = BMv7.MiniMapModule
		SccLocalPath11 = BMv7.MiniMapModule
		SccProjectUniqueName12 = BMv7.RestrictedView\\BMv7.RestrictedView.csproj
		SccProjectTopLevelParentUniqueName12 = BMv7Plugins.sln
		SccProjectName12 = BMv7.RestrictedView
		SccLocalPath12 = BMv7.RestrictedView
		SccProjectUniqueName13 = BMv7.WellKnowText\\BMv7.WellKnowText.csproj
		SccProjectTopLevelParentUniqueName13 = BMv7Plugins.sln
		SccProjectName13 = BMv7.WellKnowText
		SccLocalPath13 = BMv7.WellKnowText
		SccProjectUniqueName14 = BMv7.GeoJSON\\BMv7.GeoJSON.csproj
		SccProjectTopLevelParentUniqueName14 = BMv7Plugins.sln
		SccProjectName14 = BMv7.GeoJSON
		SccLocalPath14 = BMv7.GeoJSON
		SccProjectUniqueName15 = BMv7.CustomTileLayer\\BMv7.CustomTileLayer.csproj
		SccProjectTopLevelParentUniqueName15 = BMv7Plugins.sln
		SccProjectName15 = BMv7.CustomTileLayer
		SccLocalPath15 = BMv7.CustomTileLayer
		SccProjectUniqueName16 = Bmv7.ElevationPlot\\BMv7.ElevationPlot.csproj
		SccProjectTopLevelParentUniqueName16 = BMv7Plugins.sln
		SccProjectName16 = Bmv7.ElevationPlot
		SccLocalPath16 = Bmv7.ElevationPlot
		SccProjectUniqueName17 = BMv7.GeoRSS\\BMv7.GeoRSS.csproj
		SccProjectTopLevelParentUniqueName17 = BMv7Plugins.sln
		SccProjectName17 = BMv7.GeoRSS
		SccLocalPath17 = BMv7.GeoRSS
		SccProjectUniqueName18 = BMv7.CanvasPushpins\\BMv7.CanvasPushpins.csproj
		SccProjectTopLevelParentUniqueName18 = BMv7Plugins.sln
		SccProjectName18 = BMv7.CanvasPushpins
		SccLocalPath18 = BMv7.CanvasPushpins
		SccProjectUniqueName19 = BMv7.ImageOverlays\\BMv7.ImageOverlays.csproj
		SccProjectTopLevelParentUniqueName19 = BMv7Plugins.sln
		SccProjectName19 = BMv7.ImageOverlays
		SccLocalPath19 = BMv7.ImageOverlays
		SccProjectUniqueName20 = BMv7.CircleModule\\BMv7.CircleModule.csproj
		SccProjectTopLevelParentUniqueName20 = BMv7Plugins.sln
		SccProjectName20 = BMv7.CircleModule
		SccLocalPath20 = BMv7.CircleModule
		SccProjectUniqueName21 = BMv7.CanvasTileLayer\\BMv7.CanvasTileLayer.csproj
		SccProjectTopLevelParentUniqueName21 = BMv7Plugins.sln
		SccProjectName21 = BMv7.CanvasTileLayer
		SccLocalPath21 = BMv7.CanvasTileLayer
		SccProjectUniqueName22 = UTFGrid\\UTFGrid.csproj
		SccProjectTopLevelParentUniqueName22 = BMv7Plugins.sln
		SccProjectName22 = UTFGrid
		SccLocalPath22 = UTFGrid
		SccProjectUniqueName23 = BMv7.AnimationModule\\BMv7.AnimationModule.csproj
		SccProjectTopLevelParentUniqueName23 = BMv7Plugins.sln
		SccProjectName23 = BMv7.AnimationModule
		SccLocalPath23 = BMv7.AnimationModule
		SccProjectUniqueName24 = d3MapsModule\\d3MapsModule.csproj
		SccProjectTopLevelParentUniqueName24 = BMv7Plugins.sln
		SccProjectName24 = d3MapsModule
		SccLocalPath24 = d3MapsModule
		SccProjectUniqueName25 = DrawingTools\\DrawingTools.csproj
		SccProjectTopLevelParentUniqueName25 = BMv7Plugins.sln
		SccProjectName25 = DrawingTools
		SccLocalPath25 = DrawingTools
	EndGlobalSection
	GlobalSection(SolutionConfigurationPlatforms) = preSolution
		Debug|Any CPU = Debug|Any CPU
		Release|Any CPU = Release|Any CPU
	EndGlobalSection
	GlobalSection(ProjectConfigurationPlatforms) = postSolution
		{1E2291FB-672E-4E03-895B-251B77FF9B1E}.Debug|Any CPU.ActiveCfg = Debug|Any CPU
		{1E2291FB-672E-4E03-895B-251B77FF9B1E}.Debug|Any CPU.Build.0 = Debug|Any CPU
		{1E2291FB-672E-4E03-895B-251B77FF9B1E}.Release|Any CPU.ActiveCfg = Release|Any CPU
		{1E2291FB-672E-4E03-895B-251B77FF9B1E}.Release|Any CPU.Build.0 = Release|Any CPU
		{1ED0251D-11BA-4C9A-853E-5116D9690AA1}.Debug|Any CPU.ActiveCfg = Debug|Any CPU
		{1ED0251D-11BA-4C9A-853E-5116D9690AA1}.Debug|Any CPU.Build.0 = Debug|Any CPU
		{1ED0251D-11BA-4C9A-853E-5116D9690AA1}.Release|Any CPU.ActiveCfg = Release|Any CPU
		{1ED0251D-11BA-4C9A-853E-5116D9690AA1}.Release|Any CPU.Build.0 = Release|Any CPU
		{3F826552-BAF6-4CB5-A03B-3585861AE418}.Debug|Any CPU.ActiveCfg = Debug|Any CPU
		{3F826552-BAF6-4CB5-A03B-3585861AE418}.Debug|Any CPU.Build.0 = Debug|Any CPU
		{3F826552-BAF6-4CB5-A03B-3585861AE418}.Release|Any CPU.ActiveCfg = Release|Any CPU
		{3F826552-BAF6-4CB5-A03B-3585861AE418}.Release|Any CPU.Build.0 = Release|Any CPU
		{369785FD-BCD2-4264-B4CE-CC80CFD63A5B}.Debug|Any CPU.ActiveCfg = Debug|Any CPU
		{369785FD-BCD2-4264-B4CE-CC80CFD63A5B}.Debug|Any CPU.Build.0 = Debug|Any CPU
		{369785FD-BCD2-4264-B4CE-CC80CFD63A5B}.Release|Any CPU.ActiveCfg = Release|Any CPU
		{369785FD-BCD2-4264-B4CE-CC80CFD63A5B}.Release|Any CPU.Build.0 = Release|Any CPU
		{19EBB905-5BDA-4B77-8DC8-929B3C5805EE}.Debug|Any CPU.ActiveCfg = Debug|Any CPU
		{19EBB905-5BDA-4B77-8DC8-929B3C5805EE}.Debug|Any CPU.Build.0 = Debug|Any CPU
		{19EBB905-5BDA-4B77-8DC8-929B3C5805EE}.Release|Any CPU.ActiveCfg = Release|Any CPU
		{19EBB905-5BDA-4B77-8DC8-929B3C5805EE}.Release|Any CPU.Build.0 = Release|Any CPU
		{24B095C6-9FA6-492B-8012-EABEC55AA1A2}.Debug|Any CPU.ActiveCfg = Debug|Any CPU
		{24B095C6-9FA6-492B-8012-EABEC55AA1A2}.Debug|Any CPU.Build.0 = Debug|Any CPU
		{24B095C6-9FA6-492B-8012-EABEC55AA1A2}.Release|Any CPU.ActiveCfg = Release|Any CPU
		{24B095C6-9FA6-492B-8012-EABEC55AA1A2}.Release|Any CPU.Build.0 = Release|Any CPU
		{2AE34C8B-749C-4717-8E14-2BCFCA4E4871}.Debug|Any CPU.ActiveCfg = Debug|Any CPU
		{2AE34C8B-749C-4717-8E14-2BCFCA4E4871}.Debug|Any CPU.Build.0 = Debug|Any CPU
		{2AE34C8B-749C-4717-8E14-2BCFCA4E4871}.Release|Any CPU.ActiveCfg = Release|Any CPU
		{2AE34C8B-749C-4717-8E14-2BCFCA4E4871}.Release|Any CPU.Build.0 = Release|Any CPU
		{E3739ECB-D1FA-40D6-8E4C-E3810DA40132}.Debug|Any CPU.ActiveCfg = Debug|Any CPU
		{E3739ECB-D1FA-40D6-8E4C-E3810DA40132}.Debug|Any CPU.Build.0 = Debug|Any CPU
		{E3739ECB-D1FA-40D6-8E4C-E3810DA40132}.Release|Any CPU.ActiveCfg = Release|Any CPU
		{E3739ECB-D1FA-40D6-8E4C-E3810DA40132}.Release|Any CPU.Build.0 = Release|Any CPU
		{F507BB08-2094-4B51-9FB2-0942F931AFEE}.Debug|Any CPU.ActiveCfg = Debug|Any CPU
		{F507BB08-2094-4B51-9FB2-0942F931AFEE}.Debug|Any CPU.Build.0 = Debug|Any CPU
		{F507BB08-2094-4B51-9FB2-0942F931AFEE}.Release|Any CPU.ActiveCfg = Release|Any CPU
		{F507BB08-2094-4B51-9FB2-0942F931AFEE}.Release|Any CPU.Build.0 = Release|Any CPU
		{669C9FD2-B25F-485E-979A-30AF982C0C6F}.Debug|Any CPU.ActiveCfg = Debug|Any CPU
		{669C9FD2-B25F-485E-979A-30AF982C0C6F}.Debug|Any CPU.Build.0 = Debug|Any CPU
		{669C9FD2-B25F-485E-979A-30AF982C0C6F}.Release|Any CPU.ActiveCfg = Release|Any CPU
		{669C9FD2-B25F-485E-979A-30AF982C0C6F}.Release|Any CPU.Build.0 = Release|Any CPU
		{F0448A90-75AD-4AB7-B889-A45FEAC01BEF}.Debug|Any CPU.ActiveCfg = Debug|Any CPU
		{F0448A90-75AD-4AB7-B889-A45FEAC01BEF}.Debug|Any CPU.Build.0 = Debug|Any CPU
		{F0448A90-75AD-4AB7-B889-A45FEAC01BEF}.Release|Any CPU.ActiveCfg = Release|Any CPU
		{F0448A90-75AD-4AB7-B889-A45FEAC01BEF}.Release|Any CPU.Build.0 = Release|Any CPU
		{D00BC0D3-DF1F-4015-BC5E-612BD90BD685}.Debug|Any CPU.ActiveCfg = Debug|Any CPU
		{D00BC0D3-DF1F-4015-BC5E-612BD90BD685}.Debug|Any CPU.Build.0 = Debug|Any CPU
		{D00BC0D3-DF1F-4015-BC5E-612BD90BD685}.Release|Any CPU.ActiveCfg = Release|Any CPU
		{D00BC0D3-DF1F-4015-BC5E-612BD90BD685}.Release|Any CPU.Build.0 = Release|Any CPU
		{A42C6752-3EFC-4769-B6FD-191F5A2A047C}.Debug|Any CPU.ActiveCfg = Debug|Any CPU
		{A42C6752-3EFC-4769-B6FD-191F5A2A047C}.Debug|Any CPU.Build.0 = Debug|Any CPU
		{A42C6752-3EFC-4769-B6FD-191F5A2A047C}.Release|Any CPU.ActiveCfg = Release|Any CPU
		{A42C6752-3EFC-4769-B6FD-191F5A2A047C}.Release|Any CPU.Build.0 = Release|Any CPU
		{86A00565-F0B2-4447-B9A4-F187F634D041}.Debug|Any CPU.ActiveCfg = Debug|Any CPU
		{86A00565-F0B2-4447-B9A4-F187F634D041}.Debug|Any CPU.Build.0 = Debug|Any CPU
		{86A00565-F0B2-4447-B9A4-F187F634D041}.Release|Any CPU.ActiveCfg = Release|Any CPU
		{86A00565-F0B2-4447-B9A4-F187F634D041}.Release|Any CPU.Build.0 = Release|Any CPU
		{D16ECAA3-E83C-4DE0-99E9-E9B359439C92}.Debug|Any CPU.ActiveCfg = Debug|Any CPU
		{D16ECAA3-E83C-4DE0-99E9-E9B359439C92}.Debug|Any CPU.Build.0 = Debug|Any CPU
		{D16ECAA3-E83C-4DE0-99E9-E9B359439C92}.Release|Any CPU.ActiveCfg = Release|Any CPU
		{D16ECAA3-E83C-4DE0-99E9-E9B359439C92}.Release|Any CPU.Build.0 = Release|Any CPU
		{08BCB391-6B8C-4876-97AB-D93AC2991F54}.Debug|Any CPU.ActiveCfg = Debug|Any CPU
		{08BCB391-6B8C-4876-97AB-D93AC2991F54}.Debug|Any CPU.Build.0 = Debug|Any CPU
		{08BCB391-6B8C-4876-97AB-D93AC2991F54}.Release|Any CPU.ActiveCfg = Release|Any CPU
		{08BCB391-6B8C-4876-97AB-D93AC2991F54}.Release|Any CPU.Build.0 = Release|Any CPU
		{7118E01B-1162-4114-8695-68741EC67634}.Debug|Any CPU.ActiveCfg = Debug|Any CPU
		{7118E01B-1162-4114-8695-68741EC67634}.Debug|Any CPU.Build.0 = Debug|Any CPU
		{7118E01B-1162-4114-8695-68741EC67634}.Release|Any CPU.ActiveCfg = Release|Any CPU
		{7118E01B-1162-4114-8695-68741EC67634}.Release|Any CPU.Build.0 = Release|Any CPU
		{C8A4DBC6-9E74-4C8A-9D1A-D2A62EDDA9AB}.Debug|Any CPU.ActiveCfg = Debug|Any CPU
		{C8A4DBC6-9E74-4C8A-9D1A-D2A62EDDA9AB}.Debug|Any CPU.Build.0 = Debug|Any CPU
		{C8A4DBC6-9E74-4C8A-9D1A-D2A62EDDA9AB}.Release|Any CPU.ActiveCfg = Release|Any CPU
		{C8A4DBC6-9E74-4C8A-9D1A-D2A62EDDA9AB}.Release|Any CPU.Build.0 = Release|Any CPU
		{2FCEDE99-74B5-408F-836C-DE97BEC11226}.Debug|Any CPU.ActiveCfg = Debug|Any CPU
		{2FCEDE99-74B5-408F-836C-DE97BEC11226}.Debug|Any CPU.Build.0 = Debug|Any CPU
		{2FCEDE99-74B5-408F-836C-DE97BEC11226}.Release|Any CPU.ActiveCfg = Release|Any CPU
		{2FCEDE99-74B5-408F-836C-DE97BEC11226}.Release|Any CPU.Build.0 = Release|Any CPU
		{FC1433DC-70B6-4667-B5A9-E8DE31D2F19F}.Debug|Any CPU.ActiveCfg = Debug|Any CPU
		{FC1433DC-70B6-4667-B5A9-E8DE31D2F19F}.Debug|Any CPU.Build.0 = Debug|Any CPU
		{FC1433DC-70B6-4667-B5A9-E8DE31D2F19F}.Release|Any CPU.ActiveCfg = Release|Any CPU
		{FC1433DC-70B6-4667-B5A9-E8DE31D2F19F}.Release|Any CPU.Build.0 = Release|Any CPU
		{FE044912-F0FD-4F71-B742-050E05C2462F}.Debug|Any CPU.ActiveCfg = Debug|Any CPU
		{FE044912-F0FD-4F71-B742-050E05C2462F}.Debug|Any CPU.Build.0 = Debug|Any CPU
		{FE044912-F0FD-4F71-B742-050E05C2462F}.Release|Any CPU.ActiveCfg = Release|Any CPU
		{FE044912-F0FD-4F71-B742-050E05C2462F}.Release|Any CPU.Build.0 = Release|Any CPU
		{6AF86CE5-23C3-4A95-9C1C-1CF828461898}.Debug|Any CPU.ActiveCfg = Debug|Any CPU
		{6AF86CE5-23C3-4A95-9C1C-1CF828461898}.Debug|Any CPU.Build.0 = Debug|Any CPU
		{6AF86CE5-23C3-4A95-9C1C-1CF828461898}.Release|Any CPU.ActiveCfg = Release|Any CPU
		{6AF86CE5-23C3-4A95-9C1C-1CF828461898}.Release|Any CPU.Build.0 = Release|Any CPU
		{FE17FFC6-11E0-440B-9570-CFA691012ABF}.Debug|Any CPU.ActiveCfg = Debug|Any CPU
		{FE17FFC6-11E0-440B-9570-CFA691012ABF}.Debug|Any CPU.Build.0 = Debug|Any CPU
		{FE17FFC6-11E0-440B-9570-CFA691012ABF}.Release|Any CPU.ActiveCfg = Release|Any CPU
		{FE17FFC6-11E0-440B-9570-CFA691012ABF}.Release|Any CPU.Build.0 = Release|Any CPU
		{30E1C7CE-5B23-404B-881D-5108623D694B}.Debug|Any CPU.ActiveCfg = Debug|Any CPU
		{30E1C7CE-5B23-404B-881D-5108623D694B}.Debug|Any CPU.Build.0 = Debug|Any CPU
		{30E1C7CE-5B23-404B-881D-5108623D694B}.Release|Any CPU.ActiveCfg = Release|Any CPU
		{30E1C7CE-5B23-404B-881D-5108623D694B}.Release|Any CPU.Build.0 = Release|Any CPU
		{AB41750D-2097-4523-B36C-86D4673C5D4D}.Debug|Any CPU.ActiveCfg = Debug|Any CPU
		{AB41750D-2097-4523-B36C-86D4673C5D4D}.Debug|Any CPU.Build.0 = Debug|Any CPU
		{AB41750D-2097-4523-B36C-86D4673C5D4D}.Release|Any CPU.ActiveCfg = Release|Any CPU
		{AB41750D-2097-4523-B36C-86D4673C5D4D}.Release|Any CPU.Build.0 = Release|Any CPU
	EndGlobalSection
	GlobalSection(SolutionProperties) = preSolution
		HideSolutionNode = FALSE
	EndGlobalSection
	GlobalSection(NestedProjects) = preSolution
		{1E2291FB-672E-4E03-895B-251B77FF9B1E} = {58E70A36-BF3B-4962-93CA-F6DA0BD8AC97}
		{1ED0251D-11BA-4C9A-853E-5116D9690AA1} = {58E70A36-BF3B-4962-93CA-F6DA0BD8AC97}
		{3F826552-BAF6-4CB5-A03B-3585861AE418} = {E7733C64-6AD8-4953-A975-0D81C37DDE44}
		{369785FD-BCD2-4264-B4CE-CC80CFD63A5B} = {DCFA02EB-780D-4456-910D-96ED8CC64C7C}
		{19EBB905-5BDA-4B77-8DC8-929B3C5805EE} = {58E70A36-BF3B-4962-93CA-F6DA0BD8AC97}
		{24B095C6-9FA6-492B-8012-EABEC55AA1A2} = {58E70A36-BF3B-4962-93CA-F6DA0BD8AC97}
		{2AE34C8B-749C-4717-8E14-2BCFCA4E4871} = {E7733C64-6AD8-4953-A975-0D81C37DDE44}
		{E3739ECB-D1FA-40D6-8E4C-E3810DA40132} = {DCFA02EB-780D-4456-910D-96ED8CC64C7C}
		{F507BB08-2094-4B51-9FB2-0942F931AFEE} = {DCFA02EB-780D-4456-910D-96ED8CC64C7C}
		{669C9FD2-B25F-485E-979A-30AF982C0C6F} = {DCFA02EB-780D-4456-910D-96ED8CC64C7C}
		{F0448A90-75AD-4AB7-B889-A45FEAC01BEF} = {58E70A36-BF3B-4962-93CA-F6DA0BD8AC97}
		{D00BC0D3-DF1F-4015-BC5E-612BD90BD685} = {94BDFCC8-EDE3-4D46-A93A-A3E2D63EEA9B}
		{A42C6752-3EFC-4769-B6FD-191F5A2A047C} = {E7733C64-6AD8-4953-A975-0D81C37DDE44}
		{86A00565-F0B2-4447-B9A4-F187F634D041} = {E7733C64-6AD8-4953-A975-0D81C37DDE44}
		{D16ECAA3-E83C-4DE0-99E9-E9B359439C92} = {E7733C64-6AD8-4953-A975-0D81C37DDE44}
		{08BCB391-6B8C-4876-97AB-D93AC2991F54} = {94BDFCC8-EDE3-4D46-A93A-A3E2D63EEA9B}
		{7118E01B-1162-4114-8695-68741EC67634} = {E7733C64-6AD8-4953-A975-0D81C37DDE44}
		{C8A4DBC6-9E74-4C8A-9D1A-D2A62EDDA9AB} = {58E70A36-BF3B-4962-93CA-F6DA0BD8AC97}
		{2FCEDE99-74B5-408F-836C-DE97BEC11226} = {58E70A36-BF3B-4962-93CA-F6DA0BD8AC97}
		{FC1433DC-70B6-4667-B5A9-E8DE31D2F19F} = {58E70A36-BF3B-4962-93CA-F6DA0BD8AC97}
		{FE044912-F0FD-4F71-B742-050E05C2462F} = {58E70A36-BF3B-4962-93CA-F6DA0BD8AC97}
		{6AF86CE5-23C3-4A95-9C1C-1CF828461898} = {58E70A36-BF3B-4962-93CA-F6DA0BD8AC97}
		{FE17FFC6-11E0-440B-9570-CFA691012ABF} = {58E70A36-BF3B-4962-93CA-F6DA0BD8AC97}
		{30E1C7CE-5B23-404B-881D-5108623D694B} = {58E70A36-BF3B-4962-93CA-F6DA0BD8AC97}
		{AB41750D-2097-4523-B36C-86D4673C5D4D} = {DCFA02EB-780D-4456-910D-96ED8CC64C7C}
	EndGlobalSection
EndGlobal
